
Microsoft Visual Studio Solution File, Format Version 12.00
# Visual Studio 15
VisualStudioVersion = 15.0.28307.168
MinimumVisualStudioVersion = 10.0.40219.1
Project("{FAE04EC0-301F-11D3-BF4B-00C04F79EFBC}") = "TOVR", "TOVR\TOVR.csproj", "{511BF820-5866-4BB3-A358-EF207E2E433D}"
EndProject
Global
	GlobalSection(SolutionConfigurationPlatforms) = preSolution
		Debug|Any CPU = Debug|Any CPU
		Release|Any CPU = Release|Any CPU
	EndGlobalSection
	GlobalSection(ProjectConfigurationPlatforms) = postSolution
		{511BF820-5866-4BB3-A358-EF207E2E433D}.Debug|Any CPU.ActiveCfg = Debug|Any CPU
		{511BF820-5866-4BB3-A358-EF207E2E433D}.Debug|Any CPU.Build.0 = Debug|Any CPU
		{511BF820-5866-4BB3-A358-EF207E2E433D}.Release|Any CPU.ActiveCfg = Release|Any CPU
		{511BF820-5866-4BB3-A358-EF207E2E433D}.Release|Any CPU.Build.0 = Release|Any CPU
	EndGlobalSection
	GlobalSection(SolutionProperties) = preSolution
		HideSolutionNode = FALSE
	EndGlobalSection
	GlobalSection(ExtensibilityGlobals) = postSolution
		SolutionGuid = {E76FA8D6-2B2A-4B54-BC87-4EA4028CC059}
	EndGlobalSection
EndGlobal
